
Microsoft Visual Studio Solution File, Format Version 12.00
# Visual Studio Version 17
VisualStudioVersion = 17.5.33530.505
MinimumVisualStudioVersion = 10.0.40219.1
Project("{8BC9CEB8-8B4A-11D0-8D11-00A0C91BC942}") = "Project1", "Project1.vcxproj", "{22911C1F-35B5-4E74-B40C-05885D80E3A3}"
EndProject
Global
	GlobalSection(SolutionConfigurationPlatforms) = preSolution
		Debug|x64 = Debug|x64
		Debug|x86 = Debug|x86
		Release|x64 = Release|x64
		Release|x86 = Release|x86
	EndGlobalSection
	GlobalSection(ProjectConfigurationPlatforms) = postSolution
		{22911C1F-35B5-4E74-B40C-05885D80E3A3}.Debug|x64.ActiveCfg = Debug|x64
		{22911C1F-35B5-4E74-B40C-05885D80E3A3}.Debug|x64.Build.0 = Debug|x64
		{22911C1F-35B5-4E74-B40C-05885D80E3A3}.Debug|x86.ActiveCfg = Debug|Win32
		{22911C1F-35B5-4E74-B40C-05885D80E3A3}.Debug|x86.Build.0 = Debug|Win32
		{22911C1F-35B5-4E74-B40C-05885D80E3A3}.Release|x64.ActiveCfg = Release|x64
		{22911C1F-35B5-4E74-B40C-05885D80E3A3}.Release|x64.Build.0 = Release|x64
		{22911C1F-35B5-4E74-B40C-05885D80E3A3}.Release|x86.ActiveCfg = Release|Win32
		{22911C1F-35B5-4E74-B40C-05885D80E3A3}.Release|x86.Build.0 = Release|Win32
	EndGlobalSection
	GlobalSection(SolutionProperties) = preSolution
		HideSolutionNode = FALSE
	EndGlobalSection
	GlobalSection(ExtensibilityGlobals) = postSolution
		SolutionGuid = {49A756FE-27B0-4FBB-A85B-19BD9AB02575}
	EndGlobalSection
EndGlobal
